# Generated by conda-lock.
# platform: linux-64
# input_hash: 594b17df76ccaa720996c74f032ead74f24c9366b254c215dabf8958456a3a37
@EXPLICIT
https://conda.anaconda.org/conda-forge/noarch/nlohmann_json-abi-3.12.0-h0f90c79_1.conda#59659d0213082bc13be8500bab80c002
https://conda.anaconda.org/conda-forge/noarch/python_abi-3.12-8_cp312.conda#c3efd25ac4d74b1584d2f7a57195ddf1
https://conda.anaconda.org/conda-forge/noarch/tzdata-2025c-hc9c84f9_1.conda#ad659d0a2b3e47e38d829aa8cad2d610
https://conda.anaconda.org/conda-forge/noarch/ca-certificates-2026.4.22-hbd8a1cb_0.conda#e18ad67cf881dcadee8b8d9e2f8e5f73
https://conda.anaconda.org/conda-forge/linux-64/libgomp-15.2.0-he0feb66_19.conda#faac990cb7aedc7f3a2224f2c9b0c26c
https://conda.anaconda.org/conda-forge/linux-64/libzlib-1.3.2-h25fd6f3_2.conda#d87ff7921124eccd67248aa483c23fec
https://conda.anaconda.org/conda-forge/linux-64/_openmp_mutex-4.5-20_gnu.conda#a9f577daf3de00bca7c3c76c0ecbd1de
https://conda.anaconda.org/conda-forge/linux-64/zstd-1.5.7-hb78ec9c_6.conda#4a13eeac0b5c8e5b8ab496e6c4ddd829
https://conda.anaconda.org/conda-forge/linux-64/ld_impl_linux-64-2.45.1-default_hbd61a6d_102.conda#18335a698559cdbcd86150a48bf54ba6
https://conda.anaconda.org/conda-forge/linux-64/libgcc-15.2.0-he0feb66_19.conda#57736f29cc2b0ec0b6c2952d3f101b6a
https://conda.anaconda.org/conda-forge/linux-64/bzip2-1.0.8-hda65f42_9.conda#d2ffd7602c02f2b316fd921d39876885
https://conda.anaconda.org/conda-forge/linux-64/c-ares-1.34.6-hb03c661_0.conda#920bb03579f15389b9e512095ad995b7
https://conda.anaconda.org/conda-forge/linux-64/keyutils-1.6.3-hb9d3cd8_0.conda#b38117a3c920364aff79f870c984b4a3
https://conda.anaconda.org/conda-forge/linux-64/libexpat-2.8.0-hecca717_0.conda#a3b390520c563d78cc58974de95a03e5
https://conda.anaconda.org/conda-forge/linux-64/libffi-3.5.2-h3435931_0.conda#a360c33a5abe61c07959e449fa1453eb
https://conda.anaconda.org/conda-forge/linux-64/libgcc-ng-15.2.0-h69a702a_19.conda#331ee9b72b9dff570d56b1302c5ab37d
https://conda.anaconda.org/conda-forge/linux-64/libgfortran5-15.2.0-h68bc16d_19.conda#85072b0ad177c966294f129b7c04a2d5
https://conda.anaconda.org/conda-forge/linux-64/libiconv-1.18-h3b78370_2.conda#915f5995e94f60e9a4826e0b0920ee88
https://conda.anaconda.org/conda-forge/linux-64/liblzma-5.8.3-hb03c661_0.conda#b88d90cad08e6bc8ad540cb310a761fb
https://conda.anaconda.org/conda-forge/linux-64/libnsl-2.0.1-hb9d3cd8_1.conda#d864d34357c3b65a4b731f78c0801dc4
https://conda.anaconda.org/conda-forge/linux-64/libsqlite-3.53.1-h0c1763c_0.conda#7dc38adcbf71e6b38748e919e16e0dce
https://conda.anaconda.org/conda-forge/linux-64/libstdcxx-15.2.0-h934c35e_19.conda#5794b3bdc38177caf969dabd3af08549
https://conda.anaconda.org/conda-forge/linux-64/libuuid-2.42.1-h5347b49_0.conda#7d0a66598195ef00b6efc55aefc7453b
https://conda.anaconda.org/conda-forge/linux-64/lzo-2.10-h280c20c_1002.conda#45161d96307e3a447cc3eb5896cf6f8c
https://conda.anaconda.org/conda-forge/linux-64/ncurses-6.6-hdb14827_0.conda#fc21868a1a5aacc937e7a18747acb8a5
https://conda.anaconda.org/conda-forge/linux-64/openssl-3.6.2-h35e630c_0.conda#da1b85b6a87e141f5140bb9924cecab0
https://conda.anaconda.org/conda-forge/linux-64/reproc-14.2.7.post0-hb03c661_1.conda#2e1edbf819157ca726ec65afb4eb2d5d
https://conda.anaconda.org/conda-forge/linux-64/tk-8.6.13-noxft_h366c992_103.conda#cffd3bdd58090148f4cfcd831f4b26ab
https://conda.anaconda.org/conda-forge/linux-64/yaml-0.2.5-h280c20c_3.conda#a77f85f77be52ff59391544bfe73390a
https://conda.anaconda.org/conda-forge/linux-64/cpp-expected-1.3.1-h171cf75_0.conda#d17488e343e4c5c0bd0db18b3934d517
https://conda.anaconda.org/conda-forge/linux-64/fmt-12.1.0-hff5e90c_0.conda#f7d7a4104082b39e3b3473fbd4a38229
https://conda.anaconda.org/conda-forge/linux-64/icu-78.3-h33c6efd_0.conda#c80d8a3b84358cb967fa81e7075fbc8a
https://conda.anaconda.org/conda-forge/linux-64/libedit-3.1.20250104-pl5321h7949ede_0.conda#c277e0a4d549b03ac1e9d6cbbe3d017b
https://conda.anaconda.org/conda-forge/linux-64/libev-4.33-hd590300_2.conda#172bf1cd1ff8629f2b1179945ed45055
https://conda.anaconda.org/conda-forge/linux-64/libgfortran-15.2.0-h69a702a_19.conda#42bf7eca1a951735fa06c0e3c0d5c8e6
https://conda.anaconda.org/conda-forge/linux-64/libmsgpack-c-6.1.0-h54a6638_6.conda#fde05e07c2a9c96ad09216f0d5fda9a1
https://conda.anaconda.org/conda-forge/linux-64/libsolv-0.7.37-h9463b59_0.conda#994f869ff76bfefdfc3b3877bffe27c9
https://conda.anaconda.org/conda-forge/linux-64/libssh2-1.11.1-hcf80075_0.conda#eecce068c7e4eddeb169591baac20ac4
https://conda.anaconda.org/conda-forge/linux-64/libxcrypt-4.4.36-hd590300_1.conda#5aa797f8787fe7a17d1b0821485b5adc
https://conda.anaconda.org/conda-forge/linux-64/lz4-c-1.10.0-h5888daf_1.conda#9de5350a85c4a20c685259b889aa6393
https://conda.anaconda.org/conda-forge/linux-64/pcre2-10.47-haa7fec5_0.conda#7a3bff861a6583f1889021facefc08b1
https://conda.anaconda.org/conda-forge/linux-64/readline-8.3-h853b02a_0.conda#d7d95fc8287ea7bf33e0e7116d2b95ec
https://conda.anaconda.org/conda-forge/linux-64/reproc-cpp-14.2.7.post0-hecca717_1.conda#a0ef2594b3ab25a933ee8e7a1ac1e21b
https://conda.anaconda.org/conda-forge/linux-64/simdjson-4.6.4-hb700be7_0.conda#a0a159ba93ca0018f3d3e333470b045f
https://conda.anaconda.org/conda-forge/linux-64/yaml-cpp-0.8.0-h3f2d84a_0.conda#92b90f5f7a322e74468bb4909c7354b5
https://conda.anaconda.org/conda-forge/linux-64/krb5-1.22.2-ha1258a1_0.conda#fb53fb07ce46a575c5d004bbc96032c2
https://conda.anaconda.org/conda-forge/linux-64/libglib-2.88.1-h0d30a3d_2.conda#17d484ab9c8179c6a6e5b7dbb5065afc
https://conda.anaconda.org/conda-forge/linux-64/libnghttp2-1.68.1-h877daf1_0.conda#2a45e7f8af083626f009645a6481f12d
https://conda.anaconda.org/conda-forge/linux-64/libopenblas-0.3.33-pthreads_h94d23a6_0.conda#2d3278b721e40468295ca755c3b84070
https://conda.anaconda.org/conda-forge/linux-64/libxml2-16-2.15.3-hca6bf5a_0.conda#e79d2c2f24b027aa8d5ab1b1ba3061e7
https://conda.anaconda.org/conda-forge/linux-64/python-3.12.13-hd63d673_0_cpython.conda#7eccb41177e15cc672e1babe9056018e
https://conda.anaconda.org/conda-forge/linux-64/spdlog-1.17.0-hab81395_1.conda#a3b0e874fa56f72bc54e5c595712a333
https://conda.anaconda.org/conda-forge/noarch/appdirs-1.4.4-pyhd8ed1ab_1.conda#f4e90937bbfc3a4a92539545a37bb448
https://conda.anaconda.org/conda-forge/noarch/backports-1.0-pyhd8ed1ab_5.conda#767d508c1a67e02ae8f50e44cacfadb2
https://conda.anaconda.org/conda-forge/linux-64/backports.zstd-1.5.0-py312h90b7ffd_0.conda#b31dba71fe091e7201826e57e0f7b261
https://conda.anaconda.org/conda-forge/noarch/boltons-25.0.0-pyhd8ed1ab_0.conda#c7eb87af73750d6fd97eff8bbee8cb9c
https://conda.anaconda.org/conda-forge/linux-64/brotli-python-1.2.0-py312hdb49522_1.conda#64088dffd7413a2dd557ce837b4cbbdb
https://conda.anaconda.org/conda-forge/noarch/certifi-2026.4.22-pyhd8ed1ab_0.conda#929471569c93acefb30282a22060dcd5
https://conda.anaconda.org/conda-forge/noarch/charset-normalizer-3.4.7-pyhd8ed1ab_0.conda#a9167b9571f3baa9d448faa2139d1089
https://conda.anaconda.org/conda-forge/noarch/click-8.4.0-pyhc90fa1f_0.conda#003767c47f1f0a474c4de268b57839c3
https://conda.anaconda.org/conda-forge/noarch/colorama-0.4.6-pyhd8ed1ab_1.conda#962b9857ee8e7018c22f2776ffa0b2d7
https://conda.anaconda.org/conda-forge/noarch/crashtest-0.4.1-pyhd8ed1ab_1.conda#e036e2f76d9c9aebc12510ed23352b6c
https://conda.anaconda.org/conda-forge/linux-64/dbus-1.16.2-h24cb091_1.conda#ce96f2f470d39bd96ce03945af92e280
https://conda.anaconda.org/conda-forge/noarch/distlib-0.4.0-pyhd8ed1ab_0.conda#003b8ba0a94e2f1e117d0bd46aebc901
https://conda.anaconda.org/conda-forge/noarch/filelock-3.29.0-pyhd8ed1ab_0.conda#8fa8358d022a3a9bd101384a808044c6
https://conda.anaconda.org/conda-forge/noarch/hpack-4.1.0-pyhd8ed1ab_0.conda#0a802cb9888dd14eeefc611f05c40b6e
https://conda.anaconda.org/conda-forge/noarch/hyperframe-6.1.0-pyhd8ed1ab_0.conda#8e6923fc12f1fe8f8c4e5c9f343256ac
https://conda.anaconda.org/conda-forge/noarch/idna-3.13-pyhcf101f3_0.conda#fb7130c190f9b4ec91219840a05ba3ac
https://conda.anaconda.org/conda-forge/noarch/jeepney-0.9.0-pyhd8ed1ab_0.conda#b4b91eb14fbe2f850dd2c5fc20676c0d
https://conda.anaconda.org/conda-forge/linux-64/libblas-3.11.0-7_h4a7cf45_openblas.conda#955b44e8b00b7f7ef4ce0130cef12394
https://conda.anaconda.org/conda-forge/linux-64/libcurl-8.20.0-hcf29cc6_0.conda#c3cc2864f82a944bc90a7beb4d3b0e88
https://conda.anaconda.org/conda-forge/linux-64/libxml2-2.15.3-h49c6c72_0.conda#995d8c8bad2a3cc8db14675a153dec2b
https://conda.anaconda.org/conda-forge/linux-64/markupsafe-3.0.3-py312h8a5da7c_1.conda#93a4752d42b12943a355b682ee43285b
https://conda.anaconda.org/conda-forge/noarch/more-itertools-11.0.2-pyhcf101f3_0.conda#b874955758a30a37c78b82ea5cf78fdb
https://conda.anaconda.org/conda-forge/linux-64/msgpack-python-1.1.2-py312hd9148b4_1.conda#2e489969e38f0b428c39492619b5e6e5
https://conda.anaconda.org/conda-forge/noarch/packaging-26.2-pyhc364b38_0.conda#4c06a92e74452cfa53623a81592e8934
https://conda.anaconda.org/conda-forge/noarch/pkginfo-1.12.1.2-pyhd8ed1ab_0.conda#dc702b2fae7ebe770aff3c83adb16b63
https://conda.anaconda.org/conda-forge/noarch/platformdirs-4.9.6-pyhcf101f3_0.conda#89c0b6d1793601a2a3a3f7d2d3d8b937
https://conda.anaconda.org/conda-forge/noarch/poetry-core-2.2.1-pyhd8ed1ab_0.conda#9d91b842c9be1b64d11e59a7614934fc
https://conda.anaconda.org/conda-forge/noarch/pycparser-2.22-pyh29332c3_1.conda#12c566707c80111f9799308d9e265aef
https://conda.anaconda.org/conda-forge/noarch/pysocks-1.7.1-pyha55dd90_7.conda#461219d1a5bd61342293efa2c0c90eac
https://conda.anaconda.org/conda-forge/noarch/python-fastjsonschema-2.21.2-pyhe01879c_0.conda#23029aae904a2ba587daba708208012f
https://conda.anaconda.org/conda-forge/noarch/python-installer-0.7.0-pyhff2d567_1.conda#e27480eebcdf247209e90da706ebef8d
https://conda.anaconda.org/conda-forge/linux-64/pyyaml-6.0.3-py312h8a5da7c_1.conda#15878599a87992e44c059731771591cb
https://conda.anaconda.org/conda-forge/linux-64/ruamel.yaml.clib-0.2.15-py312h5253ce2_1.conda#84aa470567e2211a2f8e5c8491cdd78c
https://conda.anaconda.org/conda-forge/noarch/semver-3.0.4-pyhcf101f3_1.conda#8e7be844ccb9706a999a337e056606ab
https://conda.anaconda.org/conda-forge/noarch/setuptools-82.0.1-pyh332efcf_0.conda#8e194e7b992f99a5015edbd4ebd38efd
https://conda.anaconda.org/conda-forge/noarch/shellingham-1.5.4-pyhd8ed1ab_2.conda#83ea3a2ddb7a75c1b09cea582aa4f106
https://conda.anaconda.org/conda-forge/noarch/smmap-5.0.3-pyhd8ed1ab_0.conda#69db183edbe5b7c3e6c157980057a9d0
https://conda.anaconda.org/conda-forge/noarch/sniffio-1.3.1-pyhd8ed1ab_2.conda#03fe290994c5e4ec17293cfb6bdce520
https://conda.anaconda.org/conda-forge/noarch/tomli-2.4.1-pyhcf101f3_0.conda#b5325cf06a000c5b14970462ff5e4d58
https://conda.anaconda.org/conda-forge/noarch/tomlkit-0.15.0-pyha770c72_0.conda#42ef10a8f7f5d55a2e267c0d5daa6387
https://conda.anaconda.org/conda-forge/noarch/trove-classifiers-2026.5.7.17-pyhd8ed1ab_0.conda#58ad6f35e45eca7db0fd5da95aafc693
https://conda.anaconda.org/conda-forge/noarch/typing_extensions-4.15.0-pyhcf101f3_0.conda#0caa1af407ecff61170c9437a808404d
https://conda.anaconda.org/conda-forge/noarch/zipp-4.1.0-pyhcf101f3_0.conda#ba3dcdc8584155c97c648ae9c044b7a3
https://conda.anaconda.org/conda-forge/noarch/backports.tarfile-1.2.0-pyhcf101f3_2.conda#bea46844deb274b2cc2a3a941745fa73
https://conda.anaconda.org/conda-forge/linux-64/cffi-2.0.0-py312h460c074_1.conda#648ee28dcd4e07a1940a17da62eccd40
https://conda.anaconda.org/conda-forge/noarch/click-default-group-1.2.4-pyhd8ed1ab_1.conda#7cd83dd6831b61ad9624a694e4afd7dc
https://conda.anaconda.org/conda-forge/noarch/exceptiongroup-1.3.1-pyhd8ed1ab_0.conda#8e662bd460bda79b1ea39194e3c4c9ab
https://conda.anaconda.org/conda-forge/noarch/findpython-0.7.1-pyh332efcf_0.conda#492691ec4bdfbf95f11e7374079f5f29
https://conda.anaconda.org/conda-forge/noarch/gitdb-4.0.12-pyhd8ed1ab_0.conda#7c14f3706e099f8fcd47af2d494616cc
https://conda.anaconda.org/conda-forge/noarch/h11-0.16.0-pyhcf101f3_1.conda#b8993c19b0c32a2f7b66cbb58ca27069
https://conda.anaconda.org/conda-forge/noarch/h2-4.3.0-pyhcf101f3_0.conda#164fc43f0b53b6e3a7bc7dce5e4f1dc9
https://conda.anaconda.org/conda-forge/noarch/importlib-metadata-8.6.1-pyha770c72_0.conda#f4b39bf00c69f56ac01e020ebfac066c
https://conda.anaconda.org/conda-forge/noarch/importlib_resources-7.1.0-pyhd8ed1ab_0.conda#0ba6225c279baf7ea9473a62ea0ec9ae
https://conda.anaconda.org/conda-forge/noarch/jaraco.classes-3.4.0-pyhcf101f3_3.conda#d59568bad316413c89831456e691de29
https://conda.anaconda.org/conda-forge/noarch/jaraco.functools-4.5.0-pyhcf101f3_0.conda#8e33f6f90e5de5efd971840c7634d954
https://conda.anaconda.org/conda-forge/noarch/jinja2-3.1.6-pyhcf101f3_1.conda#04558c96691bed63104678757beb4f8d
https://conda.anaconda.org/conda-forge/linux-64/libarchive-3.8.7-gpl_hc2c16d8_101.conda#bb1483d91797dae0b466cab86ceb59a7
https://conda.anaconda.org/conda-forge/linux-64/libcblas-3.11.0-7_h0358290_openblas.conda#0675639dc24cb0032f199e7ff68e4633
https://conda.anaconda.org/conda-forge/linux-64/liblapack-3.11.0-7_h47877c9_openblas.conda#6569b4f273740e25dc0dc7e3232c2a6c
https://conda.anaconda.org/conda-forge/noarch/pyproject_hooks-1.2.0-pyhd8ed1ab_1.conda#d4582021af437c931d7d77ec39007845
https://conda.anaconda.org/conda-forge/noarch/ruamel.yaml-0.19.1-pyhcf101f3_0.conda#06ad944772941d5dae1e0d09848d8e49
https://conda.anaconda.org/conda-forge/noarch/typing-extensions-4.15.0-h396c80c_0.conda#edd329d7d3a4ab45dcf905899a7a6115
https://conda.anaconda.org/conda-forge/noarch/typing-inspection-0.4.2-pyhcf101f3_2.conda#53f5409c5cfd6c5a66417d68e3f0a864
https://conda.anaconda.org/conda-forge/noarch/wheel-0.47.0-pyhd8ed1ab_0.conda#d0e3b2f0030cf4fca58bde71d246e94c
https://conda.anaconda.org/conda-forge/noarch/annotated-types-0.7.0-pyhd8ed1ab_1.conda#2934f256a8acfe48f6ebb4fce6cde29c
https://conda.anaconda.org/conda-forge/noarch/anyio-4.13.0-pyhcf101f3_0.conda#af2df4b9108808da3dc76710fe50eae2
https://conda.anaconda.org/conda-forge/linux-64/cryptography-48.0.0-py312ha4b625e_0.conda#c5a8e173200adf567dc2818d8bf1325f
https://conda.anaconda.org/conda-forge/noarch/gitpython-3.1.50-pyhd8ed1ab_0.conda#98958318a01373a615f119b1040b3027
https://conda.anaconda.org/conda-forge/noarch/jaraco.context-6.1.2-pyhcf101f3_0.conda#b9d2b1ffa307961f6bb7d83c8ba8a8be
https://conda.anaconda.org/conda-forge/linux-64/libmamba-2.6.2-hd28c85e_0.conda#407867e07f4cbd66a05cdc2c406a4d05
https://conda.anaconda.org/conda-forge/linux-64/numpy-2.4.6-py312h33ff503_0.conda#6e31d55ee1110fda83b4f4045f4d73ff
https://conda.anaconda.org/conda-forge/noarch/pip-26.1.1-pyh8b19718_0.conda#35870d32aed92041d31cbb15e822dca3
https://conda.anaconda.org/conda-forge/linux-64/pydantic-core-2.46.4-py312h868fb18_0.conda#dfb9a57535eb8c35c6744da7043063f0
https://conda.anaconda.org/conda-forge/noarch/python-build-1.5.0-pyhc364b38_0.conda#fa587158c0d768127faa1a3b4df01e5d
https://conda.anaconda.org/conda-forge/noarch/urllib3-2.7.0-pyhd8ed1ab_0.conda#cbb88288f74dbe6ada1c6c7d0a97223e
https://conda.anaconda.org/conda-forge/noarch/virtualenv-20.39.0-pyhcf101f3_0.conda#e73db224203e56b25e040446fa1584db
https://conda.anaconda.org/conda-forge/linux-64/zstandard-0.25.0-py312h5253ce2_1.conda#02738ff9855946075cbd1b5274399a41
https://conda.anaconda.org/conda-forge/noarch/conda-package-streaming-0.12.0-pyhd8ed1ab_0.conda#ff75d06af779966a5aeae1be1d409b96
https://conda.anaconda.org/conda-forge/linux-64/dulwich-0.24.10-py312h0ccc70a_1.conda#382d3d92694d52244034c6a8a51fa54b
https://conda.anaconda.org/conda-forge/noarch/httpcore-1.0.9-pyh29332c3_0.conda#4f14640d58e2cc0aa0819d9d8ba125bb
https://conda.anaconda.org/conda-forge/linux-64/mamba-2.6.2-hce6dcdd_0.conda#9b990acb6110358af45d82a4897a1fee
https://conda.anaconda.org/conda-forge/noarch/pydantic-2.13.4-pyhcf101f3_0.conda#729843edafc0899b3348bd3f19525b9d
https://conda.anaconda.org/conda-forge/linux-64/rapidfuzz-3.14.5-py312h1289d80_0.conda#e27bccb2b700b55a6d8967b14f08cb59
https://conda.anaconda.org/conda-forge/noarch/requests-2.34.2-pyhcf101f3_0.conda#4a85203c1d80c1059086ae860836ffb9
https://conda.anaconda.org/conda-forge/linux-64/secretstorage-3.4.1-py312h7900ff3_0.conda#1b7706e1fb4e1c6cdb6eab38d69b2fc0
https://conda.anaconda.org/conda-forge/noarch/cachecontrol-0.14.3-pyha770c72_0.conda#241ef6e3db47a143ac34c21bfba510f1
https://conda.anaconda.org/conda-forge/noarch/cleo-2.1.0-pyhd8ed1ab_1.conda#0bbf06825d478dc823a7cea431b9108c
https://conda.anaconda.org/conda-forge/noarch/ensureconda-1.6.0-pyhcf101f3_0.conda#fcc02785e4da41e5f19f740e017b6ffb
https://conda.anaconda.org/conda-forge/noarch/httpx-0.28.1-pyhd8ed1ab_0.conda#d6989ead454181f4f9bc987d3dc4e285
https://conda.anaconda.org/conda-forge/noarch/keyring-25.7.0-pyha804496_0.conda#9eeb0eaf04fa934808d3e070eebbe630
https://conda.anaconda.org/conda-forge/noarch/requests-toolbelt-1.0.0-pyhd8ed1ab_1.conda#66de8645e324fda0ea6ef28c2f99a2ab
https://conda.anaconda.org/conda-forge/noarch/cachecontrol-with-filecache-0.14.3-pyhd8ed1ab_0.conda#b4af8c1b61929b1bcb001c2953882149
https://conda.anaconda.org/conda-forge/noarch/pbs-installer-2025.12.17-pyhd8ed1ab_0.conda#60d5572f46988af591492c1f137d5204
https://conda.anaconda.org/conda-forge/noarch/conda-lock-4.0.0-pyha191276_0.conda#200b26b7a09a051550692d90831a3449
https://conda.anaconda.org/conda-forge/noarch/poetry-2.2.1-pyha804496_0.conda#8363afc9cc8300c003a1f38e15a774cb
